
Microsoft Visual Studio Solution File, Format Version 12.00
# Visual Studio 15
VisualStudioVersion = 15.0.28307.136
MinimumVisualStudioVersion = 10.0.40219.1
Project("{FAE04EC0-301F-11D3-BF4B-00C04F79EFBC}") = "URLShortener", "URLShortener\URLShortener.csproj", "{B1BD16B7-B67E-478C-A98F-2D2F963053F8}"
EndProject
Global
	GlobalSection(SolutionConfigurationPlatforms) = preSolution
		Debug|Any CPU = Debug|Any CPU
		Release|Any CPU = Release|Any CPU
	EndGlobalSection
	GlobalSection(ProjectConfigurationPlatforms) = postSolution
		{B1BD16B7-B67E-478C-A98F-2D2F963053F8}.Debug|Any CPU.ActiveCfg = Debug|Any CPU
		{B1BD16B7-B67E-478C-A98F-2D2F963053F8}.Debug|Any CPU.Build.0 = Debug|Any CPU
		{B1BD16B7-B67E-478C-A98F-2D2F963053F8}.Release|Any CPU.ActiveCfg = Release|Any CPU
		{B1BD16B7-B67E-478C-A98F-2D2F963053F8}.Release|Any CPU.Build.0 = Release|Any CPU
	EndGlobalSection
	GlobalSection(SolutionProperties) = preSolution
		HideSolutionNode = FALSE
	EndGlobalSection
	GlobalSection(ExtensibilityGlobals) = postSolution
		SolutionGuid = {077B62CC-DCE5-42D5-9324-385AA6B5E6CB}
	EndGlobalSection
EndGlobal
